// !$*UTF8*$!
{
	archiveVersion = 1;
	classes = {
	};
	objectVersion = 46;
	objects = {

/* Begin PBXBuildFile section */
		3F707DE919E7B1570026F1A9 /* AppDelegate.swift in Sources */ = {isa = PBXBuildFile; fileRef = 3F707DE819E7B1570026F1A9 /* AppDelegate.swift */; };
		3F707DEB19E7B1570026F1A9 /* ViewController.swift in Sources */ = {isa = PBXBuildFile; fileRef = 3F707DEA19E7B1570026F1A9 /* ViewController.swift */; };
		3F707DEE19E7B1570026F1A9 /* Main.storyboard in Resources */ = {isa = PBXBuildFile; fileRef = 3F707DEC19E7B1570026F1A9 /* Main.storyboard */; };
		3F707DF019E7B1570026F1A9 /* Images.xcassets in Resources */ = {isa = PBXBuildFile; fileRef = 3F707DEF19E7B1570026F1A9 /* Images.xcassets */; };
		3F707DF319E7B1570026F1A9 /* LaunchScreen.xib in Resources */ = {isa = PBXBuildFile; fileRef = 3F707DF119E7B1570026F1A9 /* LaunchScreen.xib */; };
		3F707DFF19E7B1570026F1A9 /* Exam1_55011212018Tests.swift in Sources */ = {isa = PBXBuildFile; fileRef = 3F707DFE19E7B1570026F1A9 /* Exam1_55011212018Tests.swift */; };
/* End PBXBuildFile section */

/* Begin PBXContainerItemProxy section */
		3F707DF919E7B1570026F1A9 /* PBXContainerItemProxy */ = {
			isa = PBXContainerItemProxy;
			containerPortal = 3F707DDB19E7B1570026F1A9 /* Project object */;
			proxyType = 1;
			remoteGlobalIDString = 3F707DE219E7B1570026F1A9;
			remoteInfo = Exam1_55011212018;
		};
/* End PBXContainerItemProxy section */

/* Begin PBXFileReference section */
		3F707DE319E7B1570026F1A9 /* Exam1_55011212018.app */ = {isa = PBXFileReference; explicitFileType = wrapper.application; includeInIndex = 0; path = Exam1_55011212018.app; sourceTree = BUILT_PRODUCTS_DIR; };
		3F707DE719E7B1570026F1A9 /* Info.plist */ = {isa = PBXFileReference; lastKnownFileType = text.plist.xml; path = Info.plist; sourceTree = "<group>"; };
		3F707DE819E7B1570026F1A9 /* AppDelegate.swift */ = {isa = PBXFileReference; lastKnownFileType = sourcecode.swift; path = AppDelegate.swift; sourceTree = "<group>"; };
		3F707DEA19E7B1570026F1A9 /* ViewController.swift */ = {isa = PBXFileReference; lastKnownFileType = sourcecode.swift; path = ViewController.swift; sourceTree = "<group>"; };
		3F707DED19E7B1570026F1A9 /* Base */ = {isa = PBXFileReference; lastKnownFileType = file.storyboard; name = Base; path = Base.lproj/Main.storyboard; sourceTree = "<group>"; };
		3F707DEF19E7B1570026F1A9 /* Images.xcassets */ = {isa = PBXFileReference; lastKnownFileType = folder.assetcatalog; path = Images.xcassets; sourceTree = "<group>"; };
		3F707DF219E7B1570026F1A9 /* Base */ = {isa = PBXFileReference; lastKnownFileType = file.xib; name = Base; path = Base.lproj/LaunchScreen.xib; sourceTree = "<group>"; };
		3F707DF819E7B1570026F1A9 /* Exam1_55011212018Tests.xctest */ = {isa = PBXFileReference; explicitFileType = wrapper.cfbundle; includeInIndex = 0; path = Exam1_55011212018Tests.xctest; sourceTree = BUILT_PRODUCTS_DIR; };
		3F707DFD19E7B1570026F1A9 /* Info.plist */ = {isa = PBXFileReference; lastKnownFileType = text.plist.xml; path = Info.plist; sourceTree = "<group>"; };
		3F707DFE19E7B1570026F1A9 /* Exam1_55011212018Tests.swift */ = {isa = PBXFileReference; lastKnownFileType = sourcecode.swift; path = Exam1_55011212018Tests.swift; sourceTree = "<group>"; };
/* End PBXFileReference section */

/* Begin PBXFrameworksBuildPhase section */
		3F707DE019E7B1570026F1A9 /* Frameworks */ = {
			isa = PBXFrameworksBuildPhase;
			buildActionMask = 2147483647;
			files = (
			);
			runOnlyForDeploymentPostprocessing = 0;
		};
		3F707DF519E7B1570026F1A9 /* Frameworks */ = {
			isa = PBXFrameworksBuildPhase;
			buildActionMask = 2147483647;
			files = (
			);
			runOnlyForDeploymentPostprocessing = 0;
		};
/* End PBXFrameworksBuildPhase section */

/* Begin PBXGroup section */
		3F707DDA19E7B1570026F1A9 = {
			isa = PBXGroup;
			children = (
				3F707DE519E7B1570026F1A9 /* Exam1_55011212018 */,
				3F707DFB19E7B1570026F1A9 /* Exam1_55011212018Tests */,
				3F707DE419E7B1570026F1A9 /* Products */,
			);
			sourceTree = "<group>";
		};
		3F707DE419E7B1570026F1A9 /* Products */ = {
			isa = PBXGroup;
			children = (
				3F707DE319E7B1570026F1A9 /* Exam1_55011212018.app */,
				3F707DF819E7B1570026F1A9 /* Exam1_55011212018Tests.xctest */,
			);
			name = Products;
			sourceTree = "<group>";
		};
		3F707DE519E7B1570026F1A9 /* Exam1_55011212018 */ = {
			isa = PBXGroup;
			children = (
				3F707DE819E7B1570026F1A9 /* AppDelegate.swift */,
				3F707DEA19E7B1570026F1A9 /* ViewController.swift */,
				3F707DEC19E7B1570026F1A9 /* Main.storyboard */,
				3F707DEF19E7B1570026F1A9 /* Images.xcassets */,
				3F707DF119E7B1570026F1A9 /* LaunchScreen.xib */,
				3F707DE619E7B1570026F1A9 /* Supporting Files */,
			);
			path = Exam1_55011212018;
			sourceTree = "<group>";
		};
		3F707DE619E7B1570026F1A9 /* Supporting Files */ = {
			isa = PBXGroup;
			children = (
				3F707DE719E7B1570026F1A9 /* Info.plist */,
			);
			name = "Supporting Files";
			sourceTree = "<group>";
		};
		3F707DFB19E7B1570026F1A9 /* Exam1_55011212018Tests */ = {
			isa = PBXGroup;
			children = (
				3F707DFE19E7B1570026F1A9 /* Exam1_55011212018Tests.swift */,
				3F707DFC19E7B1570026F1A9 /* Supporting Files */,
			);
			path = Exam1_55011212018Tests;
			sourceTree = "<group>";
		};
		3F707DFC19E7B1570026F1A9 /* Supporting Files */ = {
			isa = PBXGroup;
			children = (
				3F707DFD19E7B1570026F1A9 /* Info.plist */,
			);
			name = "Supporting Files";
			sourceTree = "<group>";
		};
/* End PBXGroup section */

/* Begin PBXNativeTarget section */
		3F707DE219E7B1570026F1A9 /* Exam1_55011212018 */ = {
			isa = PBXNativeTarget;
			buildConfigurationList = 3F707E0219E7B1570026F1A9 /* Build configuration list for PBXNativeTarget "Exam1_55011212018" */;
			buildPhases = (
				3F707DDF19E7B1570026F1A9 /* Sources */,
				3F707DE019E7B1570026F1A9 /* Frameworks */,
				3F707DE119E7B1570026F1A9 /* Resources */,
			);
			buildRules = (
			);
			dependencies = (
			);
			name = Exam1_55011212018;
			productName = Exam1_55011212018;
			productReference = 3F707DE319E7B1570026F1A9 /* Exam1_55011212018.app */;
			productType = "com.apple.product-type.application";
		};
		3F707DF719E7B1570026F1A9 /* Exam1_55011212018Tests */ = {
			isa = PBXNativeTarget;
			buildConfigurationList = 3F707E0519E7B1570026F1A9 /* Build configuration list for PBXNativeTarget "Exam1_55011212018Tests" */;
			buildPhases = (
				3F707DF419E7B1570026F1A9 /* Sources */,
				3F707DF519E7B1570026F1A9 /* Frameworks */,
				3F707DF619E7B1570026F1A9 /* Resources */,
			);
			buildRules = (
			);
			dependencies = (
				3F707DFA19E7B1570026F1A9 /* PBXTargetDependency */,
			);
			name = Exam1_55011212018Tests;
			productName = Exam1_55011212018Tests;
			productReference = 3F707DF819E7B1570026F1A9 /* Exam1_55011212018Tests.xctest */;
			productType = "com.apple.product-type.bundle.unit-test";
		};
/* End PBXNativeTarget section */

/* Begin PBXProject section */
		3F707DDB19E7B1570026F1A9 /* Project object */ = {
			isa = PBXProject;
			attributes = {
				LastUpgradeCheck = 0600;
				ORGANIZATIONNAME = Student;
				TargetAttributes = {
					3F707DE219E7B1570026F1A9 = {
						CreatedOnToolsVersion = 6.0;
					};
					3F707DF719E7B1570026F1A9 = {
						CreatedOnToolsVersion = 6.0;
						TestTargetID = 3F707DE219E7B1570026F1A9;
					};
				};
			};
			buildConfigurationList = 3F707DDE19E7B1570026F1A9 /* Build configuration list for PBXProject "Exam1_55011212018" */;
			compatibilityVersion = "Xcode 3.2";
			developmentRegion = English;
			hasScannedForEncodings = 0;
			knownRegions = (
				en,
				Base,
			);
			mainGroup = 3F707DDA19E7B1570026F1A9;
			productRefGroup = 3F707DE419E7B1570026F1A9 /* Products */;
			projectDirPath = "";
			projectRoot = "";
			targets = (
				3F707DE219E7B1570026F1A9 /* Exam1_55011212018 */,
				3F707DF719E7B1570026F1A9 /* Exam1_55011212018Tests */,
			);
		};
/* End PBXProject section */

/* Begin PBXResourcesBuildPhase section */
		3F707DE119E7B1570026F1A9 /* Resources */ = {
			isa = PBXResourcesBuildPhase;
			buildActionMask = 2147483647;
			files = (
				3F707DEE19E7B1570026F1A9 /* Main.storyboard in Resources */,
				3F707DF319E7B1570026F1A9 /* LaunchScreen.xib in Resources */,
				3F707DF019E7B1570026F1A9 /* Images.xcassets in Resources */,
			);
			runOnlyForDeploymentPostprocessing = 0;
		};
		3F707DF619E7B1570026F1A9 /* Resources */ = {
			isa = PBXResourcesBuildPhase;
			buildActionMask = 2147483647;
			files = (
			);
			runOnlyForDeploymentPostprocessing = 0;
		};
/* End PBXResourcesBuildPhase section */

/* Begin PBXSourcesBuildPhase section */
		3F707DDF19E7B1570026F1A9 /* Sources */ = {
			isa = PBXSourcesBuildPhase;
			buildActionMask = 2147483647;
			files = (
				3F707DEB19E7B1570026F1A9 /* ViewController.swift in Sources */,
				3F707DE919E7B1570026F1A9 /* AppDelegate.swift in Sources */,
			);
			runOnlyForDeploymentPostprocessing = 0;
		};
		3F707DF419E7B1570026F1A9 /* Sources */ = {
			isa = PBXSourcesBuildPhase;
			buildActionMask = 2147483647;
			files = (
				3F707DFF19E7B1570026F1A9 /* Exam1_55011212018Tests.swift in Sources */,
			);
			runOnlyForDeploymentPostprocessing = 0;
		};
/* End PBXSourcesBuildPhase section */

/* Begin PBXTargetDependency section */
		3F707DFA19E7B1570026F1A9 /* PBXTargetDependency */ = {
			isa = PBXTargetDependency;
			target = 3F707DE219E7B1570026F1A9 /* Exam1_55011212018 */;
			targetProxy = 3F707DF919E7B1570026F1A9 /* PBXContainerItemProxy */;
		};
/* End PBXTargetDependency section */

/* Begin PBXVariantGroup section */
		3F707DEC19E7B1570026F1A9 /* Main.storyboard */ = {
			isa = PBXVariantGroup;
			children = (
				3F707DED19E7B1570026F1A9 /* Base */,
			);
			name = Main.storyboard;
			sourceTree = "<group>";
		};
		3F707DF119E7B1570026F1A9 /* LaunchScreen.xib */ = {
			isa = PBXVariantGroup;
			children = (
				3F707DF219E7B1570026F1A9 /* Base */,
			);
			name = LaunchScreen.xib;
			sourceTree = "<group>";
		};
/* End PBXVariantGroup section */

/* Begin XCBuildConfiguration section */
		3F707E0019E7B1570026F1A9 /* Debug */ = {
			isa = XCBuildConfiguration;
			buildSettings = {
				ALWAYS_SEARCH_USER_PATHS = NO;
				CLANG_CXX_LANGUAGE_STANDARD = "gnu++0x";
				CLANG_CXX_LIBRARY = "libc++";
				CLANG_ENABLE_MODULES = YES;
				CLANG_ENABLE_OBJC_ARC = YES;
				CLANG_WARN_BOOL_CONVERSION = YES;
				CLANG_WARN_CONSTANT_CONVERSION = YES;
				CLANG_WARN_DIRECT_OBJC_ISA_USAGE = YES_ERROR;
				CLANG_WARN_EMPTY_BODY = YES;
				CLANG_WARN_ENUM_CONVERSION = YES;
				CLANG_WARN_INT_CONVERSION = YES;
				CLANG_WARN_OBJC_ROOT_CLASS = YES_ERROR;
				CLANG_WARN_UNREACHABLE_CODE = YES;
				CLANG_WARN__DUPLICATE_METHOD_MATCH = YES;
				"CODE_SIGN_IDENTITY[sdk=iphoneos*]" = "iPhone Developer";
				COPY_PHASE_STRIP = NO;
				ENABLE_STRICT_OBJC_MSGSEND = YES;
				GCC_C_LANGUAGE_STANDARD = gnu99;
				GCC_DYNAMIC_NO_PIC = NO;
				GCC_OPTIMIZATION_LEVEL = 0;
				GCC_PREPROCESSOR_DEFINITIONS = (
					"DEBUG=1",
					"$(inherited)",
				);
				GCC_SYMBOLS_PRIVATE_EXTERN = NO;
				GCC_WARN_64_TO_32_BIT_CONVERSION = YES;
				GCC_WARN_ABOUT_RETURN_TYPE = YES_ERROR;
				GCC_WARN_UNDECLARED_SELECTOR = YES;
				GCC_WARN_UNINITIALIZED_AUTOS = YES_AGGRESSIVE;
				GCC_WARN_UNUSED_FUNCTION = YES;
				GCC_WARN_UNUSED_VARIABLE = YES;
				IPHONEOS_DEPLOYMENT_TARGET = 8.0;
				MTL_ENABLE_DEBUG_INFO = YES;
				ONLY_ACTIVE_ARCH = YES;
				SDKROOT = iphoneos;
				SWIFT_OPTIMIZATION_LEVEL = "-Onone";
			};
			name = Debug;
		};
		3F707E0119E7B1570026F1A9 /* Release */ = {
			isa = XCBuildConfiguration;
			buildSettings = {
				ALWAYS_SEARCH_USER_PATHS = NO;
				CLANG_CXX_LANGUAGE_STANDARD = "gnu++0x";
				CLANG_CXX_LIBRARY = "libc++";
				CLANG_ENABLE_MODULES = YES;
				CLANG_ENABLE_OBJC_ARC = YES;
				CLANG_WARN_BOOL_CONVERSION = YES;
				CLANG_WARN_CONSTANT_CONVERSION = YES;
				CLANG_WARN_DIRECT_OBJC_ISA_USAGE = YES_ERROR;
				CLANG_WARN_EMPTY_BODY = YES;
				CLANG_WARN_ENUM_CONVERSION = YES;
				CLANG_WARN_INT_CONVERSION = YES;
				CLANG_WARN_OBJC_ROOT_CLASS = YES_ERROR;
				CLANG_WARN_UNREACHABLE_CODE = YES;
				CLANG_WARN__DUPLICATE_METHOD_MATCH = YES;
				"CODE_SIGN_IDENTITY[sdk=iphoneos*]" = "iPhone Developer";
				COPY_PHASE_STRIP = YES;
				ENABLE_NS_ASSERTIONS = NO;
				ENABLE_STRICT_OBJC_MSGSEND = YES;
				GCC_C_LANGUAGE_STANDARD = gnu99;
				GCC_WARN_64_TO_32_BIT_CONVERSION = YES;
				GCC_WARN_ABOUT_RETURN_TYPE = YES_ERROR;
				GCC_WARN_UNDECLARED_SELECTOR = YES;
				GCC_WARN_UNINITIALIZED_AUTOS = YES_AGGRESSIVE;
				GCC_WARN_UNUSED_FUNCTION = YES;
				GCC_WARN_UNUSED_VARIABLE = YES;
				IPHONEOS_DEPLOYMENT_TARGET = 8.0;
				MTL_ENABLE_DEBUG_INFO = NO;
				SDKROOT = iphoneos;
				VALIDATE_PRODUCT = YES;
			};
			name = Release;
		};
		3F707E0319E7B1570026F1A9 /* Debug */ = {
			isa = XCBuildConfiguration;
			buildSettings = {
				ASSETCATALOG_COMPILER_APPICON_NAME = AppIcon;
				INFOPLIST_FILE = Exam1_55011212018/Info.plist;
				LD_RUNPATH_SEARCH_PATHS = "$(inherited) @executable_path/Frameworks";
				PRODUCT_NAME = "$(TARGET_NAME)";
			};
			name = Debug;
		};
		3F707E0419E7B1570026F1A9 /* Release */ = {
			isa = XCBuildConfiguration;
			buildSettings = {
				ASSETCATALOG_COMPILER_APPICON_NAME = AppIcon;
				INFOPLIST_FILE = Exam1_55011212018/Info.plist;
				LD_RUNPATH_SEARCH_PATHS = "$(inherited) @executable_path/Frameworks";
				PRODUCT_NAME = "$(TARGET_NAME)";
			};
			name = Release;
		};
		3F707E0619E7B1570026F1A9 /* Debug */ = {
			isa = XCBuildConfiguration;
			buildSettings = {
				BUNDLE_LOADER = "$(TEST_HOST)";
				FRAMEWORK_SEARCH_PATHS = (
					"$(SDKROOT)/Developer/Library/Frameworks",
					"$(inherited)",
				);
				GCC_PREPROCESSOR_DEFINITIONS = (
					"DEBUG=1",
					"$(inherited)",
				);
				INFOPLIST_FILE = Exam1_55011212018Tests/Info.plist;
				LD_RUNPATH_SEARCH_PATHS = "$(inherited) @executable_path/Frameworks @loader_path/Frameworks";
				PRODUCT_NAME = "$(TARGET_NAME)";
				TEST_HOST = "$(BUILT_PRODUCTS_DIR)/Exam1_55011212018.app/Exam1_55011212018";
			};
			name = Debug;
		};
		3F707E0719E7B1570026F1A9 /* Release */ = {
			isa = XCBuildConfiguration;
			buildSettings = {
				BUNDLE_LOADER = "$(TEST_HOST)";
				FRAMEWORK_SEARCH_PATHS = (
					"$(SDKROOT)/Developer/Library/Frameworks",
					"$(inherited)",
				);
				INFOPLIST_FILE = Exam1_55011212018Tests/Info.plist;
				LD_RUNPATH_SEARCH_PATHS = "$(inherited) @executable_path/Frameworks @loader_path/Frameworks";
				PRODUCT_NAME = "$(TARGET_NAME)";
				TEST_HOST = "$(BUILT_PRODUCTS_DIR)/Exam1_55011212018.app/Exam1_55011212018";
			};
			name = Release;
		};
/* End XCBuildConfiguration section */

/* Begin XCConfigurationList section */
		3F707DDE19E7B1570026F1A9 /* Build configuration list for PBXProject "Exam1_55011212018" */ = {
			isa = XCConfigurationList;
			buildConfigurations = (
				3F707E0019E7B1570026F1A9 /* Debug */,
				3F707E0119E7B1570026F1A9 /* Release */,
			);
			defaultConfigurationIsVisible = 0;
			defaultConfigurationName = Release;
		};
		3F707E0219E7B1570026F1A9 /* Build configuration list for PBXNativeTarget "Exam1_55011212018" */ = {
			isa = XCConfigurationList;
			buildConfigurations = (
				3F707E0319E7B1570026F1A9 /* Debug */,
				3F707E0419E7B1570026F1A9 /* Release */,
			);
			defaultConfigurationIsVisible = 0;
		};
		3F707E0519E7B1570026F1A9 /* Build configuration list for PBXNativeTarget "Exam1_55011212018Tests" */ = {
			isa = XCConfigurationList;
			buildConfigurations = (
				3F707E0619E7B1570026F1A9 /* Debug */,
				3F707E0719E7B1570026F1A9 /* Release */,
			);
			defaultConfigurationIsVisible = 0;
		};
/* End XCConfigurationList section */
	};
	rootObject = 3F707DDB19E7B1570026F1A9 /* Project object */;
}
