// !$*UTF8*$!
{
	archiveVersion = 1;
	classes = {
	};
	objectVersion = 46;
	objects = {

/* Begin PBXBuildFile section */
		3F0CDC7E1A0CCB6400D17DA9 /* AppDelegate.swift in Sources */ = {isa = PBXBuildFile; fileRef = 3F0CDC7D1A0CCB6400D17DA9 /* AppDelegate.swift */; };
		3F0CDC801A0CCB6400D17DA9 /* ViewController.swift in Sources */ = {isa = PBXBuildFile; fileRef = 3F0CDC7F1A0CCB6400D17DA9 /* ViewController.swift */; };
		3F0CDC831A0CCB6400D17DA9 /* Main.storyboard in Resources */ = {isa = PBXBuildFile; fileRef = 3F0CDC811A0CCB6400D17DA9 /* Main.storyboard */; };
		3F0CDC851A0CCB6400D17DA9 /* Images.xcassets in Resources */ = {isa = PBXBuildFile; fileRef = 3F0CDC841A0CCB6400D17DA9 /* Images.xcassets */; };
		3F0CDC881A0CCB6400D17DA9 /* LaunchScreen.xib in Resources */ = {isa = PBXBuildFile; fileRef = 3F0CDC861A0CCB6400D17DA9 /* LaunchScreen.xib */; };
		3F0CDC941A0CCB6400D17DA9 /* fishAnimationTests.swift in Sources */ = {isa = PBXBuildFile; fileRef = 3F0CDC931A0CCB6400D17DA9 /* fishAnimationTests.swift */; };
		3F0CDC9E1A0CCBE700D17DA9 /* blue-fish.png in Resources */ = {isa = PBXBuildFile; fileRef = 3F0CDC9D1A0CCBE700D17DA9 /* blue-fish.png */; };
/* End PBXBuildFile section */

/* Begin PBXContainerItemProxy section */
		3F0CDC8E1A0CCB6400D17DA9 /* PBXContainerItemProxy */ = {
			isa = PBXContainerItemProxy;
			containerPortal = 3F0CDC701A0CCB6400D17DA9 /* Project object */;
			proxyType = 1;
			remoteGlobalIDString = 3F0CDC771A0CCB6400D17DA9;
			remoteInfo = fishAnimation;
		};
/* End PBXContainerItemProxy section */

/* Begin PBXFileReference section */
		3F0CDC781A0CCB6400D17DA9 /* fishAnimation.app */ = {isa = PBXFileReference; explicitFileType = wrapper.application; includeInIndex = 0; path = fishAnimation.app; sourceTree = BUILT_PRODUCTS_DIR; };
		3F0CDC7C1A0CCB6400D17DA9 /* Info.plist */ = {isa = PBXFileReference; lastKnownFileType = text.plist.xml; path = Info.plist; sourceTree = "<group>"; };
		3F0CDC7D1A0CCB6400D17DA9 /* AppDelegate.swift */ = {isa = PBXFileReference; lastKnownFileType = sourcecode.swift; path = AppDelegate.swift; sourceTree = "<group>"; };
		3F0CDC7F1A0CCB6400D17DA9 /* ViewController.swift */ = {isa = PBXFileReference; lastKnownFileType = sourcecode.swift; path = ViewController.swift; sourceTree = "<group>"; };
		3F0CDC821A0CCB6400D17DA9 /* Base */ = {isa = PBXFileReference; lastKnownFileType = file.storyboard; name = Base; path = Base.lproj/Main.storyboard; sourceTree = "<group>"; };
		3F0CDC841A0CCB6400D17DA9 /* Images.xcassets */ = {isa = PBXFileReference; lastKnownFileType = folder.assetcatalog; path = Images.xcassets; sourceTree = "<group>"; };
		3F0CDC871A0CCB6400D17DA9 /* Base */ = {isa = PBXFileReference; lastKnownFileType = file.xib; name = Base; path = Base.lproj/LaunchScreen.xib; sourceTree = "<group>"; };
		3F0CDC8D1A0CCB6400D17DA9 /* fishAnimationTests.xctest */ = {isa = PBXFileReference; explicitFileType = wrapper.cfbundle; includeInIndex = 0; path = fishAnimationTests.xctest; sourceTree = BUILT_PRODUCTS_DIR; };
		3F0CDC921A0CCB6400D17DA9 /* Info.plist */ = {isa = PBXFileReference; lastKnownFileType = text.plist.xml; path = Info.plist; sourceTree = "<group>"; };
		3F0CDC931A0CCB6400D17DA9 /* fishAnimationTests.swift */ = {isa = PBXFileReference; lastKnownFileType = sourcecode.swift; path = fishAnimationTests.swift; sourceTree = "<group>"; };
		3F0CDC9D1A0CCBE700D17DA9 /* blue-fish.png */ = {isa = PBXFileReference; lastKnownFileType = image.png; path = "blue-fish.png"; sourceTree = "<group>"; };
/* End PBXFileReference section */

/* Begin PBXFrameworksBuildPhase section */
		3F0CDC751A0CCB6400D17DA9 /* Frameworks */ = {
			isa = PBXFrameworksBuildPhase;
			buildActionMask = 2147483647;
			files = (
			);
			runOnlyForDeploymentPostprocessing = 0;
		};
		3F0CDC8A1A0CCB6400D17DA9 /* Frameworks */ = {
			isa = PBXFrameworksBuildPhase;
			buildActionMask = 2147483647;
			files = (
			);
			runOnlyForDeploymentPostprocessing = 0;
		};
/* End PBXFrameworksBuildPhase section */

/* Begin PBXGroup section */
		3F0CDC6F1A0CCB6400D17DA9 = {
			isa = PBXGroup;
			children = (
				3F0CDC7A1A0CCB6400D17DA9 /* fishAnimation */,
				3F0CDC901A0CCB6400D17DA9 /* fishAnimationTests */,
				3F0CDC791A0CCB6400D17DA9 /* Products */,
			);
			sourceTree = "<group>";
		};
		3F0CDC791A0CCB6400D17DA9 /* Products */ = {
			isa = PBXGroup;
			children = (
				3F0CDC781A0CCB6400D17DA9 /* fishAnimation.app */,
				3F0CDC8D1A0CCB6400D17DA9 /* fishAnimationTests.xctest */,
			);
			name = Products;
			sourceTree = "<group>";
		};
		3F0CDC7A1A0CCB6400D17DA9 /* fishAnimation */ = {
			isa = PBXGroup;
			children = (
				3F0CDC7D1A0CCB6400D17DA9 /* AppDelegate.swift */,
				3F0CDC7F1A0CCB6400D17DA9 /* ViewController.swift */,
				3F0CDC811A0CCB6400D17DA9 /* Main.storyboard */,
				3F0CDC841A0CCB6400D17DA9 /* Images.xcassets */,
				3F0CDC861A0CCB6400D17DA9 /* LaunchScreen.xib */,
				3F0CDC7B1A0CCB6400D17DA9 /* Supporting Files */,
			);
			path = fishAnimation;
			sourceTree = "<group>";
		};
		3F0CDC7B1A0CCB6400D17DA9 /* Supporting Files */ = {
			isa = PBXGroup;
			children = (
				3F0CDC9D1A0CCBE700D17DA9 /* blue-fish.png */,
				3F0CDC7C1A0CCB6400D17DA9 /* Info.plist */,
			);
			name = "Supporting Files";
			sourceTree = "<group>";
		};
		3F0CDC901A0CCB6400D17DA9 /* fishAnimationTests */ = {
			isa = PBXGroup;
			children = (
				3F0CDC931A0CCB6400D17DA9 /* fishAnimationTests.swift */,
				3F0CDC911A0CCB6400D17DA9 /* Supporting Files */,
			);
			path = fishAnimationTests;
			sourceTree = "<group>";
		};
		3F0CDC911A0CCB6400D17DA9 /* Supporting Files */ = {
			isa = PBXGroup;
			children = (
				3F0CDC921A0CCB6400D17DA9 /* Info.plist */,
			);
			name = "Supporting Files";
			sourceTree = "<group>";
		};
/* End PBXGroup section */

/* Begin PBXNativeTarget section */
		3F0CDC771A0CCB6400D17DA9 /* fishAnimation */ = {
			isa = PBXNativeTarget;
			buildConfigurationList = 3F0CDC971A0CCB6400D17DA9 /* Build configuration list for PBXNativeTarget "fishAnimation" */;
			buildPhases = (
				3F0CDC741A0CCB6400D17DA9 /* Sources */,
				3F0CDC751A0CCB6400D17DA9 /* Frameworks */,
				3F0CDC761A0CCB6400D17DA9 /* Resources */,
			);
			buildRules = (
			);
			dependencies = (
			);
			name = fishAnimation;
			productName = fishAnimation;
			productReference = 3F0CDC781A0CCB6400D17DA9 /* fishAnimation.app */;
			productType = "com.apple.product-type.application";
		};
		3F0CDC8C1A0CCB6400D17DA9 /* fishAnimationTests */ = {
			isa = PBXNativeTarget;
			buildConfigurationList = 3F0CDC9A1A0CCB6400D17DA9 /* Build configuration list for PBXNativeTarget "fishAnimationTests" */;
			buildPhases = (
				3F0CDC891A0CCB6400D17DA9 /* Sources */,
				3F0CDC8A1A0CCB6400D17DA9 /* Frameworks */,
				3F0CDC8B1A0CCB6400D17DA9 /* Resources */,
			);
			buildRules = (
			);
			dependencies = (
				3F0CDC8F1A0CCB6400D17DA9 /* PBXTargetDependency */,
			);
			name = fishAnimationTests;
			productName = fishAnimationTests;
			productReference = 3F0CDC8D1A0CCB6400D17DA9 /* fishAnimationTests.xctest */;
			productType = "com.apple.product-type.bundle.unit-test";
		};
/* End PBXNativeTarget section */

/* Begin PBXProject section */
		3F0CDC701A0CCB6400D17DA9 /* Project object */ = {
			isa = PBXProject;
			attributes = {
				LastUpgradeCheck = 0600;
				ORGANIZATIONNAME = student;
				TargetAttributes = {
					3F0CDC771A0CCB6400D17DA9 = {
						CreatedOnToolsVersion = 6.0;
					};
					3F0CDC8C1A0CCB6400D17DA9 = {
						CreatedOnToolsVersion = 6.0;
						TestTargetID = 3F0CDC771A0CCB6400D17DA9;
					};
				};
			};
			buildConfigurationList = 3F0CDC731A0CCB6400D17DA9 /* Build configuration list for PBXProject "fishAnimation" */;
			compatibilityVersion = "Xcode 3.2";
			developmentRegion = English;
			hasScannedForEncodings = 0;
			knownRegions = (
				en,
				Base,
			);
			mainGroup = 3F0CDC6F1A0CCB6400D17DA9;
			productRefGroup = 3F0CDC791A0CCB6400D17DA9 /* Products */;
			projectDirPath = "";
			projectRoot = "";
			targets = (
				3F0CDC771A0CCB6400D17DA9 /* fishAnimation */,
				3F0CDC8C1A0CCB6400D17DA9 /* fishAnimationTests */,
			);
		};
/* End PBXProject section */

/* Begin PBXResourcesBuildPhase section */
		3F0CDC761A0CCB6400D17DA9 /* Resources */ = {
			isa = PBXResourcesBuildPhase;
			buildActionMask = 2147483647;
			files = (
				3F0CDC831A0CCB6400D17DA9 /* Main.storyboard in Resources */,
				3F0CDC881A0CCB6400D17DA9 /* LaunchScreen.xib in Resources */,
				3F0CDC851A0CCB6400D17DA9 /* Images.xcassets in Resources */,
				3F0CDC9E1A0CCBE700D17DA9 /* blue-fish.png in Resources */,
			);
			runOnlyForDeploymentPostprocessing = 0;
		};
		3F0CDC8B1A0CCB6400D17DA9 /* Resources */ = {
			isa = PBXResourcesBuildPhase;
			buildActionMask = 2147483647;
			files = (
			);
			runOnlyForDeploymentPostprocessing = 0;
		};
/* End PBXResourcesBuildPhase section */

/* Begin PBXSourcesBuildPhase section */
		3F0CDC741A0CCB6400D17DA9 /* Sources */ = {
			isa = PBXSourcesBuildPhase;
			buildActionMask = 2147483647;
			files = (
				3F0CDC801A0CCB6400D17DA9 /* ViewController.swift in Sources */,
				3F0CDC7E1A0CCB6400D17DA9 /* AppDelegate.swift in Sources */,
			);
			runOnlyForDeploymentPostprocessing = 0;
		};
		3F0CDC891A0CCB6400D17DA9 /* Sources */ = {
			isa = PBXSourcesBuildPhase;
			buildActionMask = 2147483647;
			files = (
				3F0CDC941A0CCB6400D17DA9 /* fishAnimationTests.swift in Sources */,
			);
			runOnlyForDeploymentPostprocessing = 0;
		};
/* End PBXSourcesBuildPhase section */

/* Begin PBXTargetDependency section */
		3F0CDC8F1A0CCB6400D17DA9 /* PBXTargetDependency */ = {
			isa = PBXTargetDependency;
			target = 3F0CDC771A0CCB6400D17DA9 /* fishAnimation */;
			targetProxy = 3F0CDC8E1A0CCB6400D17DA9 /* PBXContainerItemProxy */;
		};
/* End PBXTargetDependency section */

/* Begin PBXVariantGroup section */
		3F0CDC811A0CCB6400D17DA9 /* Main.storyboard */ = {
			isa = PBXVariantGroup;
			children = (
				3F0CDC821A0CCB6400D17DA9 /* Base */,
			);
			name = Main.storyboard;
			sourceTree = "<group>";
		};
		3F0CDC861A0CCB6400D17DA9 /* LaunchScreen.xib */ = {
			isa = PBXVariantGroup;
			children = (
				3F0CDC871A0CCB6400D17DA9 /* Base */,
			);
			name = LaunchScreen.xib;
			sourceTree = "<group>";
		};
/* End PBXVariantGroup section */

/* Begin XCBuildConfiguration section */
		3F0CDC951A0CCB6400D17DA9 /* Debug */ = {
			isa = XCBuildConfiguration;
			buildSettings = {
				ALWAYS_SEARCH_USER_PATHS = NO;
				CLANG_CXX_LANGUAGE_STANDARD = "gnu++0x";
				CLANG_CXX_LIBRARY = "libc++";
				CLANG_ENABLE_MODULES = YES;
				CLANG_ENABLE_OBJC_ARC = YES;
				CLANG_WARN_BOOL_CONVERSION = YES;
				CLANG_WARN_CONSTANT_CONVERSION = YES;
				CLANG_WARN_DIRECT_OBJC_ISA_USAGE = YES_ERROR;
				CLANG_WARN_EMPTY_BODY = YES;
				CLANG_WARN_ENUM_CONVERSION = YES;
				CLANG_WARN_INT_CONVERSION = YES;
				CLANG_WARN_OBJC_ROOT_CLASS = YES_ERROR;
				CLANG_WARN_UNREACHABLE_CODE = YES;
				CLANG_WARN__DUPLICATE_METHOD_MATCH = YES;
				"CODE_SIGN_IDENTITY[sdk=iphoneos*]" = "iPhone Developer";
				COPY_PHASE_STRIP = NO;
				ENABLE_STRICT_OBJC_MSGSEND = YES;
				GCC_C_LANGUAGE_STANDARD = gnu99;
				GCC_DYNAMIC_NO_PIC = NO;
				GCC_OPTIMIZATION_LEVEL = 0;
				GCC_PREPROCESSOR_DEFINITIONS = (
					"DEBUG=1",
					"$(inherited)",
				);
				GCC_SYMBOLS_PRIVATE_EXTERN = NO;
				GCC_WARN_64_TO_32_BIT_CONVERSION = YES;
				GCC_WARN_ABOUT_RETURN_TYPE = YES_ERROR;
				GCC_WARN_UNDECLARED_SELECTOR = YES;
				GCC_WARN_UNINITIALIZED_AUTOS = YES_AGGRESSIVE;
				GCC_WARN_UNUSED_FUNCTION = YES;
				GCC_WARN_UNUSED_VARIABLE = YES;
				IPHONEOS_DEPLOYMENT_TARGET = 8.0;
				MTL_ENABLE_DEBUG_INFO = YES;
				ONLY_ACTIVE_ARCH = YES;
				SDKROOT = iphoneos;
				SWIFT_OPTIMIZATION_LEVEL = "-Onone";
			};
			name = Debug;
		};
		3F0CDC961A0CCB6400D17DA9 /* Release */ = {
			isa = XCBuildConfiguration;
			buildSettings = {
				ALWAYS_SEARCH_USER_PATHS = NO;
				CLANG_CXX_LANGUAGE_STANDARD = "gnu++0x";
				CLANG_CXX_LIBRARY = "libc++";
				CLANG_ENABLE_MODULES = YES;
				CLANG_ENABLE_OBJC_ARC = YES;
				CLANG_WARN_BOOL_CONVERSION = YES;
				CLANG_WARN_CONSTANT_CONVERSION = YES;
				CLANG_WARN_DIRECT_OBJC_ISA_USAGE = YES_ERROR;
				CLANG_WARN_EMPTY_BODY = YES;
				CLANG_WARN_ENUM_CONVERSION = YES;
				CLANG_WARN_INT_CONVERSION = YES;
				CLANG_WARN_OBJC_ROOT_CLASS = YES_ERROR;
				CLANG_WARN_UNREACHABLE_CODE = YES;
				CLANG_WARN__DUPLICATE_METHOD_MATCH = YES;
				"CODE_SIGN_IDENTITY[sdk=iphoneos*]" = "iPhone Developer";
				COPY_PHASE_STRIP = YES;
				ENABLE_NS_ASSERTIONS = NO;
				ENABLE_STRICT_OBJC_MSGSEND = YES;
				GCC_C_LANGUAGE_STANDARD = gnu99;
				GCC_WARN_64_TO_32_BIT_CONVERSION = YES;
				GCC_WARN_ABOUT_RETURN_TYPE = YES_ERROR;
				GCC_WARN_UNDECLARED_SELECTOR = YES;
				GCC_WARN_UNINITIALIZED_AUTOS = YES_AGGRESSIVE;
				GCC_WARN_UNUSED_FUNCTION = YES;
				GCC_WARN_UNUSED_VARIABLE = YES;
				IPHONEOS_DEPLOYMENT_TARGET = 8.0;
				MTL_ENABLE_DEBUG_INFO = NO;
				SDKROOT = iphoneos;
				VALIDATE_PRODUCT = YES;
			};
			name = Release;
		};
		3F0CDC981A0CCB6400D17DA9 /* Debug */ = {
			isa = XCBuildConfiguration;
			buildSettings = {
				ASSETCATALOG_COMPILER_APPICON_NAME = AppIcon;
				INFOPLIST_FILE = fishAnimation/Info.plist;
				LD_RUNPATH_SEARCH_PATHS = "$(inherited) @executable_path/Frameworks";
				PRODUCT_NAME = "$(TARGET_NAME)";
			};
			name = Debug;
		};
		3F0CDC991A0CCB6400D17DA9 /* Release */ = {
			isa = XCBuildConfiguration;
			buildSettings = {
				ASSETCATALOG_COMPILER_APPICON_NAME = AppIcon;
				INFOPLIST_FILE = fishAnimation/Info.plist;
				LD_RUNPATH_SEARCH_PATHS = "$(inherited) @executable_path/Frameworks";
				PRODUCT_NAME = "$(TARGET_NAME)";
			};
			name = Release;
		};
		3F0CDC9B1A0CCB6400D17DA9 /* Debug */ = {
			isa = XCBuildConfiguration;
			buildSettings = {
				BUNDLE_LOADER = "$(TEST_HOST)";
				FRAMEWORK_SEARCH_PATHS = (
					"$(SDKROOT)/Developer/Library/Frameworks",
					"$(inherited)",
				);
				GCC_PREPROCESSOR_DEFINITIONS = (
					"DEBUG=1",
					"$(inherited)",
				);
				INFOPLIST_FILE = fishAnimationTests/Info.plist;
				LD_RUNPATH_SEARCH_PATHS = "$(inherited) @executable_path/Frameworks @loader_path/Frameworks";
				PRODUCT_NAME = "$(TARGET_NAME)";
				TEST_HOST = "$(BUILT_PRODUCTS_DIR)/fishAnimation.app/fishAnimation";
			};
			name = Debug;
		};
		3F0CDC9C1A0CCB6400D17DA9 /* Release */ = {
			isa = XCBuildConfiguration;
			buildSettings = {
				BUNDLE_LOADER = "$(TEST_HOST)";
				FRAMEWORK_SEARCH_PATHS = (
					"$(SDKROOT)/Developer/Library/Frameworks",
					"$(inherited)",
				);
				INFOPLIST_FILE = fishAnimationTests/Info.plist;
				LD_RUNPATH_SEARCH_PATHS = "$(inherited) @executable_path/Frameworks @loader_path/Frameworks";
				PRODUCT_NAME = "$(TARGET_NAME)";
				TEST_HOST = "$(BUILT_PRODUCTS_DIR)/fishAnimation.app/fishAnimation";
			};
			name = Release;
		};
/* End XCBuildConfiguration section */

/* Begin XCConfigurationList section */
		3F0CDC731A0CCB6400D17DA9 /* Build configuration list for PBXProject "fishAnimation" */ = {
			isa = XCConfigurationList;
			buildConfigurations = (
				3F0CDC951A0CCB6400D17DA9 /* Debug */,
				3F0CDC961A0CCB6400D17DA9 /* Release */,
			);
			defaultConfigurationIsVisible = 0;
			defaultConfigurationName = Release;
		};
		3F0CDC971A0CCB6400D17DA9 /* Build configuration list for PBXNativeTarget "fishAnimation" */ = {
			isa = XCConfigurationList;
			buildConfigurations = (
				3F0CDC981A0CCB6400D17DA9 /* Debug */,
				3F0CDC991A0CCB6400D17DA9 /* Release */,
			);
			defaultConfigurationIsVisible = 0;
		};
		3F0CDC9A1A0CCB6400D17DA9 /* Build configuration list for PBXNativeTarget "fishAnimationTests" */ = {
			isa = XCConfigurationList;
			buildConfigurations = (
				3F0CDC9B1A0CCB6400D17DA9 /* Debug */,
				3F0CDC9C1A0CCB6400D17DA9 /* Release */,
			);
			defaultConfigurationIsVisible = 0;
		};
/* End XCConfigurationList section */
	};
	rootObject = 3F0CDC701A0CCB6400D17DA9 /* Project object */;
}
