// !$*UTF8*$!
{
	archiveVersion = 1;
	classes = {
	};
	objectVersion = 46;
	objects = {

/* Begin PBXBuildFile section */
		3F19768519DE7A1300C89CCA /* AppDelegate.swift in Sources */ = {isa = PBXBuildFile; fileRef = 3F19768419DE7A1300C89CCA /* AppDelegate.swift */; };
		3F19768719DE7A1300C89CCA /* ViewController.swift in Sources */ = {isa = PBXBuildFile; fileRef = 3F19768619DE7A1300C89CCA /* ViewController.swift */; };
		3F19768A19DE7A1300C89CCA /* Main.storyboard in Resources */ = {isa = PBXBuildFile; fileRef = 3F19768819DE7A1300C89CCA /* Main.storyboard */; };
		3F19768C19DE7A1300C89CCA /* Images.xcassets in Resources */ = {isa = PBXBuildFile; fileRef = 3F19768B19DE7A1300C89CCA /* Images.xcassets */; };
		3F19768F19DE7A1300C89CCA /* LaunchScreen.xib in Resources */ = {isa = PBXBuildFile; fileRef = 3F19768D19DE7A1300C89CCA /* LaunchScreen.xib */; };
		3F19769B19DE7A1300C89CCA /* TableViewTests.swift in Sources */ = {isa = PBXBuildFile; fileRef = 3F19769A19DE7A1300C89CCA /* TableViewTests.swift */; };
		3F1976A619DE82BB00C89CCA /* Bus.png in Resources */ = {isa = PBXBuildFile; fileRef = 3F1976A419DE82BB00C89CCA /* Bus.png */; };
		3F1976A719DE82BB00C89CCA /* Helicopter.png in Resources */ = {isa = PBXBuildFile; fileRef = 3F1976A519DE82BB00C89CCA /* Helicopter.png */; };
		3F1976A919DE82C400C89CCA /* Truck.png in Resources */ = {isa = PBXBuildFile; fileRef = 3F1976A819DE82C400C89CCA /* Truck.png */; };
/* End PBXBuildFile section */

/* Begin PBXContainerItemProxy section */
		3F19769519DE7A1300C89CCA /* PBXContainerItemProxy */ = {
			isa = PBXContainerItemProxy;
			containerPortal = 3F19767719DE7A1300C89CCA /* Project object */;
			proxyType = 1;
			remoteGlobalIDString = 3F19767E19DE7A1300C89CCA;
			remoteInfo = TableView;
		};
/* End PBXContainerItemProxy section */

/* Begin PBXFileReference section */
		3F19767F19DE7A1300C89CCA /* TableView.app */ = {isa = PBXFileReference; explicitFileType = wrapper.application; includeInIndex = 0; path = TableView.app; sourceTree = BUILT_PRODUCTS_DIR; };
		3F19768319DE7A1300C89CCA /* Info.plist */ = {isa = PBXFileReference; lastKnownFileType = text.plist.xml; path = Info.plist; sourceTree = "<group>"; };
		3F19768419DE7A1300C89CCA /* AppDelegate.swift */ = {isa = PBXFileReference; lastKnownFileType = sourcecode.swift; path = AppDelegate.swift; sourceTree = "<group>"; };
		3F19768619DE7A1300C89CCA /* ViewController.swift */ = {isa = PBXFileReference; lastKnownFileType = sourcecode.swift; path = ViewController.swift; sourceTree = "<group>"; };
		3F19768919DE7A1300C89CCA /* Base */ = {isa = PBXFileReference; lastKnownFileType = file.storyboard; name = Base; path = Base.lproj/Main.storyboard; sourceTree = "<group>"; };
		3F19768B19DE7A1300C89CCA /* Images.xcassets */ = {isa = PBXFileReference; lastKnownFileType = folder.assetcatalog; path = Images.xcassets; sourceTree = "<group>"; };
		3F19768E19DE7A1300C89CCA /* Base */ = {isa = PBXFileReference; lastKnownFileType = file.xib; name = Base; path = Base.lproj/LaunchScreen.xib; sourceTree = "<group>"; };
		3F19769419DE7A1300C89CCA /* TableViewTests.xctest */ = {isa = PBXFileReference; explicitFileType = wrapper.cfbundle; includeInIndex = 0; path = TableViewTests.xctest; sourceTree = BUILT_PRODUCTS_DIR; };
		3F19769919DE7A1300C89CCA /* Info.plist */ = {isa = PBXFileReference; lastKnownFileType = text.plist.xml; path = Info.plist; sourceTree = "<group>"; };
		3F19769A19DE7A1300C89CCA /* TableViewTests.swift */ = {isa = PBXFileReference; lastKnownFileType = sourcecode.swift; path = TableViewTests.swift; sourceTree = "<group>"; };
		3F1976A419DE82BB00C89CCA /* Bus.png */ = {isa = PBXFileReference; lastKnownFileType = image.png; path = Bus.png; sourceTree = "<group>"; };
		3F1976A519DE82BB00C89CCA /* Helicopter.png */ = {isa = PBXFileReference; lastKnownFileType = image.png; path = Helicopter.png; sourceTree = "<group>"; };
		3F1976A819DE82C400C89CCA /* Truck.png */ = {isa = PBXFileReference; lastKnownFileType = image.png; path = Truck.png; sourceTree = "<group>"; };
/* End PBXFileReference section */

/* Begin PBXFrameworksBuildPhase section */
		3F19767C19DE7A1300C89CCA /* Frameworks */ = {
			isa = PBXFrameworksBuildPhase;
			buildActionMask = 2147483647;
			files = (
			);
			runOnlyForDeploymentPostprocessing = 0;
		};
		3F19769119DE7A1300C89CCA /* Frameworks */ = {
			isa = PBXFrameworksBuildPhase;
			buildActionMask = 2147483647;
			files = (
			);
			runOnlyForDeploymentPostprocessing = 0;
		};
/* End PBXFrameworksBuildPhase section */

/* Begin PBXGroup section */
		3F19767619DE7A1300C89CCA = {
			isa = PBXGroup;
			children = (
				3F19768119DE7A1300C89CCA /* TableView */,
				3F19769719DE7A1300C89CCA /* TableViewTests */,
				3F19768019DE7A1300C89CCA /* Products */,
			);
			sourceTree = "<group>";
		};
		3F19768019DE7A1300C89CCA /* Products */ = {
			isa = PBXGroup;
			children = (
				3F19767F19DE7A1300C89CCA /* TableView.app */,
				3F19769419DE7A1300C89CCA /* TableViewTests.xctest */,
			);
			name = Products;
			sourceTree = "<group>";
		};
		3F19768119DE7A1300C89CCA /* TableView */ = {
			isa = PBXGroup;
			children = (
				3F19768419DE7A1300C89CCA /* AppDelegate.swift */,
				3F19768619DE7A1300C89CCA /* ViewController.swift */,
				3F19768819DE7A1300C89CCA /* Main.storyboard */,
				3F19768B19DE7A1300C89CCA /* Images.xcassets */,
				3F19768D19DE7A1300C89CCA /* LaunchScreen.xib */,
				3F19768219DE7A1300C89CCA /* Supporting Files */,
			);
			path = TableView;
			sourceTree = "<group>";
		};
		3F19768219DE7A1300C89CCA /* Supporting Files */ = {
			isa = PBXGroup;
			children = (
				3F1976A819DE82C400C89CCA /* Truck.png */,
				3F1976A419DE82BB00C89CCA /* Bus.png */,
				3F1976A519DE82BB00C89CCA /* Helicopter.png */,
				3F19768319DE7A1300C89CCA /* Info.plist */,
			);
			name = "Supporting Files";
			sourceTree = "<group>";
		};
		3F19769719DE7A1300C89CCA /* TableViewTests */ = {
			isa = PBXGroup;
			children = (
				3F19769A19DE7A1300C89CCA /* TableViewTests.swift */,
				3F19769819DE7A1300C89CCA /* Supporting Files */,
			);
			path = TableViewTests;
			sourceTree = "<group>";
		};
		3F19769819DE7A1300C89CCA /* Supporting Files */ = {
			isa = PBXGroup;
			children = (
				3F19769919DE7A1300C89CCA /* Info.plist */,
			);
			name = "Supporting Files";
			sourceTree = "<group>";
		};
/* End PBXGroup section */

/* Begin PBXNativeTarget section */
		3F19767E19DE7A1300C89CCA /* TableView */ = {
			isa = PBXNativeTarget;
			buildConfigurationList = 3F19769E19DE7A1300C89CCA /* Build configuration list for PBXNativeTarget "TableView" */;
			buildPhases = (
				3F19767B19DE7A1300C89CCA /* Sources */,
				3F19767C19DE7A1300C89CCA /* Frameworks */,
				3F19767D19DE7A1300C89CCA /* Resources */,
			);
			buildRules = (
			);
			dependencies = (
			);
			name = TableView;
			productName = TableView;
			productReference = 3F19767F19DE7A1300C89CCA /* TableView.app */;
			productType = "com.apple.product-type.application";
		};
		3F19769319DE7A1300C89CCA /* TableViewTests */ = {
			isa = PBXNativeTarget;
			buildConfigurationList = 3F1976A119DE7A1300C89CCA /* Build configuration list for PBXNativeTarget "TableViewTests" */;
			buildPhases = (
				3F19769019DE7A1300C89CCA /* Sources */,
				3F19769119DE7A1300C89CCA /* Frameworks */,
				3F19769219DE7A1300C89CCA /* Resources */,
			);
			buildRules = (
			);
			dependencies = (
				3F19769619DE7A1300C89CCA /* PBXTargetDependency */,
			);
			name = TableViewTests;
			productName = TableViewTests;
			productReference = 3F19769419DE7A1300C89CCA /* TableViewTests.xctest */;
			productType = "com.apple.product-type.bundle.unit-test";
		};
/* End PBXNativeTarget section */

/* Begin PBXProject section */
		3F19767719DE7A1300C89CCA /* Project object */ = {
			isa = PBXProject;
			attributes = {
				LastUpgradeCheck = 0600;
				ORGANIZATIONNAME = student;
				TargetAttributes = {
					3F19767E19DE7A1300C89CCA = {
						CreatedOnToolsVersion = 6.0;
					};
					3F19769319DE7A1300C89CCA = {
						CreatedOnToolsVersion = 6.0;
						TestTargetID = 3F19767E19DE7A1300C89CCA;
					};
				};
			};
			buildConfigurationList = 3F19767A19DE7A1300C89CCA /* Build configuration list for PBXProject "TableView" */;
			compatibilityVersion = "Xcode 3.2";
			developmentRegion = English;
			hasScannedForEncodings = 0;
			knownRegions = (
				en,
				Base,
			);
			mainGroup = 3F19767619DE7A1300C89CCA;
			productRefGroup = 3F19768019DE7A1300C89CCA /* Products */;
			projectDirPath = "";
			projectRoot = "";
			targets = (
				3F19767E19DE7A1300C89CCA /* TableView */,
				3F19769319DE7A1300C89CCA /* TableViewTests */,
			);
		};
/* End PBXProject section */

/* Begin PBXResourcesBuildPhase section */
		3F19767D19DE7A1300C89CCA /* Resources */ = {
			isa = PBXResourcesBuildPhase;
			buildActionMask = 2147483647;
			files = (
				3F1976A719DE82BB00C89CCA /* Helicopter.png in Resources */,
				3F1976A619DE82BB00C89CCA /* Bus.png in Resources */,
				3F19768A19DE7A1300C89CCA /* Main.storyboard in Resources */,
				3F1976A919DE82C400C89CCA /* Truck.png in Resources */,
				3F19768F19DE7A1300C89CCA /* LaunchScreen.xib in Resources */,
				3F19768C19DE7A1300C89CCA /* Images.xcassets in Resources */,
			);
			runOnlyForDeploymentPostprocessing = 0;
		};
		3F19769219DE7A1300C89CCA /* Resources */ = {
			isa = PBXResourcesBuildPhase;
			buildActionMask = 2147483647;
			files = (
			);
			runOnlyForDeploymentPostprocessing = 0;
		};
/* End PBXResourcesBuildPhase section */

/* Begin PBXSourcesBuildPhase section */
		3F19767B19DE7A1300C89CCA /* Sources */ = {
			isa = PBXSourcesBuildPhase;
			buildActionMask = 2147483647;
			files = (
				3F19768719DE7A1300C89CCA /* ViewController.swift in Sources */,
				3F19768519DE7A1300C89CCA /* AppDelegate.swift in Sources */,
			);
			runOnlyForDeploymentPostprocessing = 0;
		};
		3F19769019DE7A1300C89CCA /* Sources */ = {
			isa = PBXSourcesBuildPhase;
			buildActionMask = 2147483647;
			files = (
				3F19769B19DE7A1300C89CCA /* TableViewTests.swift in Sources */,
			);
			runOnlyForDeploymentPostprocessing = 0;
		};
/* End PBXSourcesBuildPhase section */

/* Begin PBXTargetDependency section */
		3F19769619DE7A1300C89CCA /* PBXTargetDependency */ = {
			isa = PBXTargetDependency;
			target = 3F19767E19DE7A1300C89CCA /* TableView */;
			targetProxy = 3F19769519DE7A1300C89CCA /* PBXContainerItemProxy */;
		};
/* End PBXTargetDependency section */

/* Begin PBXVariantGroup section */
		3F19768819DE7A1300C89CCA /* Main.storyboard */ = {
			isa = PBXVariantGroup;
			children = (
				3F19768919DE7A1300C89CCA /* Base */,
			);
			name = Main.storyboard;
			sourceTree = "<group>";
		};
		3F19768D19DE7A1300C89CCA /* LaunchScreen.xib */ = {
			isa = PBXVariantGroup;
			children = (
				3F19768E19DE7A1300C89CCA /* Base */,
			);
			name = LaunchScreen.xib;
			sourceTree = "<group>";
		};
/* End PBXVariantGroup section */

/* Begin XCBuildConfiguration section */
		3F19769C19DE7A1300C89CCA /* Debug */ = {
			isa = XCBuildConfiguration;
			buildSettings = {
				ALWAYS_SEARCH_USER_PATHS = NO;
				CLANG_CXX_LANGUAGE_STANDARD = "gnu++0x";
				CLANG_CXX_LIBRARY = "libc++";
				CLANG_ENABLE_MODULES = YES;
				CLANG_ENABLE_OBJC_ARC = YES;
				CLANG_WARN_BOOL_CONVERSION = YES;
				CLANG_WARN_CONSTANT_CONVERSION = YES;
				CLANG_WARN_DIRECT_OBJC_ISA_USAGE = YES_ERROR;
				CLANG_WARN_EMPTY_BODY = YES;
				CLANG_WARN_ENUM_CONVERSION = YES;
				CLANG_WARN_INT_CONVERSION = YES;
				CLANG_WARN_OBJC_ROOT_CLASS = YES_ERROR;
				CLANG_WARN_UNREACHABLE_CODE = YES;
				CLANG_WARN__DUPLICATE_METHOD_MATCH = YES;
				"CODE_SIGN_IDENTITY[sdk=iphoneos*]" = "iPhone Developer";
				COPY_PHASE_STRIP = NO;
				ENABLE_STRICT_OBJC_MSGSEND = YES;
				GCC_C_LANGUAGE_STANDARD = gnu99;
				GCC_DYNAMIC_NO_PIC = NO;
				GCC_OPTIMIZATION_LEVEL = 0;
				GCC_PREPROCESSOR_DEFINITIONS = (
					"DEBUG=1",
					"$(inherited)",
				);
				GCC_SYMBOLS_PRIVATE_EXTERN = NO;
				GCC_WARN_64_TO_32_BIT_CONVERSION = YES;
				GCC_WARN_ABOUT_RETURN_TYPE = YES_ERROR;
				GCC_WARN_UNDECLARED_SELECTOR = YES;
				GCC_WARN_UNINITIALIZED_AUTOS = YES_AGGRESSIVE;
				GCC_WARN_UNUSED_FUNCTION = YES;
				GCC_WARN_UNUSED_VARIABLE = YES;
				IPHONEOS_DEPLOYMENT_TARGET = 8.0;
				MTL_ENABLE_DEBUG_INFO = YES;
				ONLY_ACTIVE_ARCH = YES;
				SDKROOT = iphoneos;
				SWIFT_OPTIMIZATION_LEVEL = "-Onone";
			};
			name = Debug;
		};
		3F19769D19DE7A1300C89CCA /* Release */ = {
			isa = XCBuildConfiguration;
			buildSettings = {
				ALWAYS_SEARCH_USER_PATHS = NO;
				CLANG_CXX_LANGUAGE_STANDARD = "gnu++0x";
				CLANG_CXX_LIBRARY = "libc++";
				CLANG_ENABLE_MODULES = YES;
				CLANG_ENABLE_OBJC_ARC = YES;
				CLANG_WARN_BOOL_CONVERSION = YES;
				CLANG_WARN_CONSTANT_CONVERSION = YES;
				CLANG_WARN_DIRECT_OBJC_ISA_USAGE = YES_ERROR;
				CLANG_WARN_EMPTY_BODY = YES;
				CLANG_WARN_ENUM_CONVERSION = YES;
				CLANG_WARN_INT_CONVERSION = YES;
				CLANG_WARN_OBJC_ROOT_CLASS = YES_ERROR;
				CLANG_WARN_UNREACHABLE_CODE = YES;
				CLANG_WARN__DUPLICATE_METHOD_MATCH = YES;
				"CODE_SIGN_IDENTITY[sdk=iphoneos*]" = "iPhone Developer";
				COPY_PHASE_STRIP = YES;
				ENABLE_NS_ASSERTIONS = NO;
				ENABLE_STRICT_OBJC_MSGSEND = YES;
				GCC_C_LANGUAGE_STANDARD = gnu99;
				GCC_WARN_64_TO_32_BIT_CONVERSION = YES;
				GCC_WARN_ABOUT_RETURN_TYPE = YES_ERROR;
				GCC_WARN_UNDECLARED_SELECTOR = YES;
				GCC_WARN_UNINITIALIZED_AUTOS = YES_AGGRESSIVE;
				GCC_WARN_UNUSED_FUNCTION = YES;
				GCC_WARN_UNUSED_VARIABLE = YES;
				IPHONEOS_DEPLOYMENT_TARGET = 8.0;
				MTL_ENABLE_DEBUG_INFO = NO;
				SDKROOT = iphoneos;
				VALIDATE_PRODUCT = YES;
			};
			name = Release;
		};
		3F19769F19DE7A1300C89CCA /* Debug */ = {
			isa = XCBuildConfiguration;
			buildSettings = {
				ASSETCATALOG_COMPILER_APPICON_NAME = AppIcon;
				INFOPLIST_FILE = TableView/Info.plist;
				LD_RUNPATH_SEARCH_PATHS = "$(inherited) @executable_path/Frameworks";
				PRODUCT_NAME = "$(TARGET_NAME)";
			};
			name = Debug;
		};
		3F1976A019DE7A1300C89CCA /* Release */ = {
			isa = XCBuildConfiguration;
			buildSettings = {
				ASSETCATALOG_COMPILER_APPICON_NAME = AppIcon;
				INFOPLIST_FILE = TableView/Info.plist;
				LD_RUNPATH_SEARCH_PATHS = "$(inherited) @executable_path/Frameworks";
				PRODUCT_NAME = "$(TARGET_NAME)";
			};
			name = Release;
		};
		3F1976A219DE7A1300C89CCA /* Debug */ = {
			isa = XCBuildConfiguration;
			buildSettings = {
				BUNDLE_LOADER = "$(TEST_HOST)";
				FRAMEWORK_SEARCH_PATHS = (
					"$(SDKROOT)/Developer/Library/Frameworks",
					"$(inherited)",
				);
				GCC_PREPROCESSOR_DEFINITIONS = (
					"DEBUG=1",
					"$(inherited)",
				);
				INFOPLIST_FILE = TableViewTests/Info.plist;
				LD_RUNPATH_SEARCH_PATHS = "$(inherited) @executable_path/Frameworks @loader_path/Frameworks";
				PRODUCT_NAME = "$(TARGET_NAME)";
				TEST_HOST = "$(BUILT_PRODUCTS_DIR)/TableView.app/TableView";
			};
			name = Debug;
		};
		3F1976A319DE7A1300C89CCA /* Release */ = {
			isa = XCBuildConfiguration;
			buildSettings = {
				BUNDLE_LOADER = "$(TEST_HOST)";
				FRAMEWORK_SEARCH_PATHS = (
					"$(SDKROOT)/Developer/Library/Frameworks",
					"$(inherited)",
				);
				INFOPLIST_FILE = TableViewTests/Info.plist;
				LD_RUNPATH_SEARCH_PATHS = "$(inherited) @executable_path/Frameworks @loader_path/Frameworks";
				PRODUCT_NAME = "$(TARGET_NAME)";
				TEST_HOST = "$(BUILT_PRODUCTS_DIR)/TableView.app/TableView";
			};
			name = Release;
		};
/* End XCBuildConfiguration section */

/* Begin XCConfigurationList section */
		3F19767A19DE7A1300C89CCA /* Build configuration list for PBXProject "TableView" */ = {
			isa = XCConfigurationList;
			buildConfigurations = (
				3F19769C19DE7A1300C89CCA /* Debug */,
				3F19769D19DE7A1300C89CCA /* Release */,
			);
			defaultConfigurationIsVisible = 0;
			defaultConfigurationName = Release;
		};
		3F19769E19DE7A1300C89CCA /* Build configuration list for PBXNativeTarget "TableView" */ = {
			isa = XCConfigurationList;
			buildConfigurations = (
				3F19769F19DE7A1300C89CCA /* Debug */,
				3F1976A019DE7A1300C89CCA /* Release */,
			);
			defaultConfigurationIsVisible = 0;
		};
		3F1976A119DE7A1300C89CCA /* Build configuration list for PBXNativeTarget "TableViewTests" */ = {
			isa = XCConfigurationList;
			buildConfigurations = (
				3F1976A219DE7A1300C89CCA /* Debug */,
				3F1976A319DE7A1300C89CCA /* Release */,
			);
			defaultConfigurationIsVisible = 0;
		};
/* End XCConfigurationList section */
	};
	rootObject = 3F19767719DE7A1300C89CCA /* Project object */;
}
